
Microsoft Visual Studio Solution File, Format Version 10.00
# Visual Studio 2008
Project("{FAE04EC0-301F-11D3-BF4B-00C04F79EFBC}") = "Core", "Core\Core.csproj", "{FED1DE28-7121-4414-B24D-4F04E630F3BC}"
EndProject
Project("{FAE04EC0-301F-11D3-BF4B-00C04F79EFBC}") = "Core.Test", "Core.Test\Core.Test.csproj", "{275BADA6-CF32-4749-9223-494340B95B03}"
EndProject
Global
	GlobalSection(SolutionConfigurationPlatforms) = preSolution
		Debug|Any CPU = Debug|Any CPU
		Release|Any CPU = Release|Any CPU
	EndGlobalSection
	GlobalSection(ProjectConfigurationPlatforms) = postSolution
		{FED1DE28-7121-4414-B24D-4F04E630F3BC}.Debug|Any CPU.ActiveCfg = Debug|Any CPU
		{FED1DE28-7121-4414-B24D-4F04E630F3BC}.Debug|Any CPU.Build.0 = Debug|Any CPU
		{FED1DE28-7121-4414-B24D-4F04E630F3BC}.Release|Any CPU.ActiveCfg = Release|Any CPU
		{FED1DE28-7121-4414-B24D-4F04E630F3BC}.Release|Any CPU.Build.0 = Release|Any CPU
		{275BADA6-CF32-4749-9223-494340B95B03}.Debug|Any CPU.ActiveCfg = Debug|Any CPU
		{275BADA6-CF32-4749-9223-494340B95B03}.Debug|Any CPU.Build.0 = Debug|Any CPU
		{275BADA6-CF32-4749-9223-494340B95B03}.Release|Any CPU.ActiveCfg = Release|Any CPU
		{275BADA6-CF32-4749-9223-494340B95B03}.Release|Any CPU.Build.0 = Release|Any CPU
	EndGlobalSection
	GlobalSection(SolutionProperties) = preSolution
		HideSolutionNode = FALSE
	EndGlobalSection
EndGlobal
